
Microsoft Visual Studio Solution File, Format Version 12.00
# Visual Studio 14
VisualStudioVersion = 14.0.23107.0
MinimumVisualStudioVersion = 10.0.40219.1
Project("{FAE04EC0-301F-11D3-BF4B-00C04F79EFBC}") = "PierwszaBiblotekat", "PierwszaBiblotekat\PierwszaBiblotekat.csproj", "{6A923AB6-0794-48C2-83ED-816A1E36ADAD}"
EndProject
Project("{FAE04EC0-301F-11D3-BF4B-00C04F79EFBC}") = "UnitTestBibloteki", "UnitTestBibloteki\UnitTestBibloteki.csproj", "{255D1E2E-007C-4F01-9EB6-370A1D40B8CC}"
EndProject
Global
	GlobalSection(SolutionConfigurationPlatforms) = preSolution
		Debug|Any CPU = Debug|Any CPU
		Release|Any CPU = Release|Any CPU
	EndGlobalSection
	GlobalSection(ProjectConfigurationPlatforms) = postSolution
		{6A923AB6-0794-48C2-83ED-816A1E36ADAD}.Debug|Any CPU.ActiveCfg = Debug|Any CPU
		{6A923AB6-0794-48C2-83ED-816A1E36ADAD}.Debug|Any CPU.Build.0 = Debug|Any CPU
		{6A923AB6-0794-48C2-83ED-816A1E36ADAD}.Release|Any CPU.ActiveCfg = Release|Any CPU
		{6A923AB6-0794-48C2-83ED-816A1E36ADAD}.Release|Any CPU.Build.0 = Release|Any CPU
		{255D1E2E-007C-4F01-9EB6-370A1D40B8CC}.Debug|Any CPU.ActiveCfg = Debug|Any CPU
		{255D1E2E-007C-4F01-9EB6-370A1D40B8CC}.Debug|Any CPU.Build.0 = Debug|Any CPU
		{255D1E2E-007C-4F01-9EB6-370A1D40B8CC}.Release|Any CPU.ActiveCfg = Release|Any CPU
		{255D1E2E-007C-4F01-9EB6-370A1D40B8CC}.Release|Any CPU.Build.0 = Release|Any CPU
	EndGlobalSection
	GlobalSection(SolutionProperties) = preSolution
		HideSolutionNode = FALSE
	EndGlobalSection
EndGlobal
